
Microsoft Visual Studio Solution File, Format Version 12.00
# Visual Studio Version 17
VisualStudioVersion = 17.7.34009.444
MinimumVisualStudioVersion = 10.0.40219.1
Project("{FAE04EC0-301F-11D3-BF4B-00C04F79EFBC}") = "Html Helper", "Html Helper\Html Helper.csproj", "{CFA70E7F-0556-4D9F-9C03-4B2003CE71D5}"
EndProject
Global
	GlobalSection(SolutionConfigurationPlatforms) = preSolution
		Debug|Any CPU = Debug|Any CPU
		Release|Any CPU = Release|Any CPU
	EndGlobalSection
	GlobalSection(ProjectConfigurationPlatforms) = postSolution
		{CFA70E7F-0556-4D9F-9C03-4B2003CE71D5}.Debug|Any CPU.ActiveCfg = Debug|Any CPU
		{CFA70E7F-0556-4D9F-9C03-4B2003CE71D5}.Debug|Any CPU.Build.0 = Debug|Any CPU
		{CFA70E7F-0556-4D9F-9C03-4B2003CE71D5}.Release|Any CPU.ActiveCfg = Release|Any CPU
		{CFA70E7F-0556-4D9F-9C03-4B2003CE71D5}.Release|Any CPU.Build.0 = Release|Any CPU
	EndGlobalSection
	GlobalSection(SolutionProperties) = preSolution
		HideSolutionNode = FALSE
	EndGlobalSection
	GlobalSection(ExtensibilityGlobals) = postSolution
		SolutionGuid = {A25CD71F-7169-435E-98A0-31EC3DFDD8C2}
	EndGlobalSection
EndGlobal
